
Microsoft Visual Studio Solution File, Format Version 12.00
# Visual Studio Version 16
VisualStudioVersion = 16.0.31229.75
MinimumVisualStudioVersion = 10.0.40219.1
Project("{FAE04EC0-301F-11D3-BF4B-00C04F79EFBC}") = "AP.StarBug.Web", "AP.StarBug.Web\AP.StarBug.Web.csproj", "{69B39EC6-27F2-41F1-9A71-76E529E3E3C5}"
EndProject
Project("{FAE04EC0-301F-11D3-BF4B-00C04F79EFBC}") = "AP.StarBug.Core", "AP.StarBug.Core\AP.StarBug.Core.csproj", "{0326FC27-6438-4CC2-8784-1BE4DF72AE30}"
EndProject
Project("{FAE04EC0-301F-11D3-BF4B-00C04F79EFBC}") = "AP.StarBug.Test", "AP.StarBug.Test\AP.StarBug.Test.csproj", "{8EFB6F7D-2D7B-478C-B233-0A3CE86058AF}"
EndProject
Project("{FAE04EC0-301F-11D3-BF4B-00C04F79EFBC}") = "AP.StarBug.Common", "AP.StarBug.Common\AP.StarBug.Common.csproj", "{E4A93182-6565-4656-83FB-C0B4FB384433}"
EndProject
Global
	GlobalSection(SolutionConfigurationPlatforms) = preSolution
		Debug|Any CPU = Debug|Any CPU
		Release|Any CPU = Release|Any CPU
	EndGlobalSection
	GlobalSection(ProjectConfigurationPlatforms) = postSolution
		{69B39EC6-27F2-41F1-9A71-76E529E3E3C5}.Debug|Any CPU.ActiveCfg = Debug|Any CPU
		{69B39EC6-27F2-41F1-9A71-76E529E3E3C5}.Debug|Any CPU.Build.0 = Debug|Any CPU
		{69B39EC6-27F2-41F1-9A71-76E529E3E3C5}.Release|Any CPU.ActiveCfg = Release|Any CPU
		{69B39EC6-27F2-41F1-9A71-76E529E3E3C5}.Release|Any CPU.Build.0 = Release|Any CPU
		{0326FC27-6438-4CC2-8784-1BE4DF72AE30}.Debug|Any CPU.ActiveCfg = Debug|Any CPU
		{0326FC27-6438-4CC2-8784-1BE4DF72AE30}.Debug|Any CPU.Build.0 = Debug|Any CPU
		{0326FC27-6438-4CC2-8784-1BE4DF72AE30}.Release|Any CPU.ActiveCfg = Release|Any CPU
		{0326FC27-6438-4CC2-8784-1BE4DF72AE30}.Release|Any CPU.Build.0 = Release|Any CPU
		{8EFB6F7D-2D7B-478C-B233-0A3CE86058AF}.Debug|Any CPU.ActiveCfg = Debug|Any CPU
		{8EFB6F7D-2D7B-478C-B233-0A3CE86058AF}.Debug|Any CPU.Build.0 = Debug|Any CPU
		{8EFB6F7D-2D7B-478C-B233-0A3CE86058AF}.Release|Any CPU.ActiveCfg = Release|Any CPU
		{8EFB6F7D-2D7B-478C-B233-0A3CE86058AF}.Release|Any CPU.Build.0 = Release|Any CPU
		{E4A93182-6565-4656-83FB-C0B4FB384433}.Debug|Any CPU.ActiveCfg = Debug|Any CPU
		{E4A93182-6565-4656-83FB-C0B4FB384433}.Debug|Any CPU.Build.0 = Debug|Any CPU
		{E4A93182-6565-4656-83FB-C0B4FB384433}.Release|Any CPU.ActiveCfg = Release|Any CPU
		{E4A93182-6565-4656-83FB-C0B4FB384433}.Release|Any CPU.Build.0 = Release|Any CPU
	EndGlobalSection
	GlobalSection(SolutionProperties) = preSolution
		HideSolutionNode = FALSE
	EndGlobalSection
	GlobalSection(ExtensibilityGlobals) = postSolution
		SolutionGuid = {34A16F41-EC0A-4EDE-B701-4EF25600C74C}
	EndGlobalSection
EndGlobal
